
Microsoft Visual Studio Solution File, Format Version 12.00
# Visual Studio Version 17
VisualStudioVersion = 17.10.34707.107
MinimumVisualStudioVersion = 10.0.40219.1
Project("{FAE04EC0-301F-11D3-BF4B-00C04F79EFBC}") = "WebApplication13", "WebApplication13\WebApplication13.csproj", "{40337A87-3EE8-4CA3-8BC2-D337D36FD13A}"
EndProject
Global
	GlobalSection(SolutionConfigurationPlatforms) = preSolution
		Debug|Any CPU = Debug|Any CPU
		Release|Any CPU = Release|Any CPU
	EndGlobalSection
	GlobalSection(ProjectConfigurationPlatforms) = postSolution
		{40337A87-3EE8-4CA3-8BC2-D337D36FD13A}.Debug|Any CPU.ActiveCfg = Debug|Any CPU
		{40337A87-3EE8-4CA3-8BC2-D337D36FD13A}.Debug|Any CPU.Build.0 = Debug|Any CPU
		{40337A87-3EE8-4CA3-8BC2-D337D36FD13A}.Release|Any CPU.ActiveCfg = Release|Any CPU
		{40337A87-3EE8-4CA3-8BC2-D337D36FD13A}.Release|Any CPU.Build.0 = Release|Any CPU
	EndGlobalSection
	GlobalSection(SolutionProperties) = preSolution
		HideSolutionNode = FALSE
	EndGlobalSection
	GlobalSection(ExtensibilityGlobals) = postSolution
		SolutionGuid = {240C1DA2-0A10-46F8-B1A0-95BDE60581CC}
	EndGlobalSection
EndGlobal
