
Microsoft Visual Studio Solution File, Format Version 12.00
# Visual Studio 15
VisualStudioVersion = 15.0.34526.175
MinimumVisualStudioVersion = 10.0.40219.1
Project("{FAE04EC0-301F-11D3-BF4B-00C04F79EFBC}") = "ConsoleApp2", "ConsoleApp2\ConsoleApp2.csproj", "{FEB83A3E-5366-46A5-B1F6-3022581DB972}"
EndProject
Global
	GlobalSection(SolutionConfigurationPlatforms) = preSolution
		Debug|Any CPU = Debug|Any CPU
		Release|Any CPU = Release|Any CPU
	EndGlobalSection
	GlobalSection(ProjectConfigurationPlatforms) = postSolution
		{FEB83A3E-5366-46A5-B1F6-3022581DB972}.Debug|Any CPU.ActiveCfg = Debug|Any CPU
		{FEB83A3E-5366-46A5-B1F6-3022581DB972}.Debug|Any CPU.Build.0 = Debug|Any CPU
		{FEB83A3E-5366-46A5-B1F6-3022581DB972}.Release|Any CPU.ActiveCfg = Release|Any CPU
		{FEB83A3E-5366-46A5-B1F6-3022581DB972}.Release|Any CPU.Build.0 = Release|Any CPU
	EndGlobalSection
	GlobalSection(SolutionProperties) = preSolution
		HideSolutionNode = FALSE
	EndGlobalSection
	GlobalSection(ExtensibilityGlobals) = postSolution
		SolutionGuid = {095A30DD-94D0-49F1-AD27-00A91DB114A7}
	EndGlobalSection
EndGlobal
