
Microsoft Visual Studio Solution File, Format Version 12.00
# Visual Studio Version 17
VisualStudioVersion = 17.10.34707.107
MinimumVisualStudioVersion = 10.0.40219.1
Project("{FAE04EC0-301F-11D3-BF4B-00C04F79EFBC}") = "WebApplication11", "WebApplication11\WebApplication11.csproj", "{53B7BC23-7305-4EA3-B65B-E3D715E3330C}"
EndProject
Global
	GlobalSection(SolutionConfigurationPlatforms) = preSolution
		Debug|Any CPU = Debug|Any CPU
		Release|Any CPU = Release|Any CPU
	EndGlobalSection
	GlobalSection(ProjectConfigurationPlatforms) = postSolution
		{53B7BC23-7305-4EA3-B65B-E3D715E3330C}.Debug|Any CPU.ActiveCfg = Debug|Any CPU
		{53B7BC23-7305-4EA3-B65B-E3D715E3330C}.Debug|Any CPU.Build.0 = Debug|Any CPU
		{53B7BC23-7305-4EA3-B65B-E3D715E3330C}.Release|Any CPU.ActiveCfg = Release|Any CPU
		{53B7BC23-7305-4EA3-B65B-E3D715E3330C}.Release|Any CPU.Build.0 = Release|Any CPU
	EndGlobalSection
	GlobalSection(SolutionProperties) = preSolution
		HideSolutionNode = FALSE
	EndGlobalSection
	GlobalSection(ExtensibilityGlobals) = postSolution
		SolutionGuid = {DC4FBD8D-7781-433C-81E8-E2FEF6092497}
	EndGlobalSection
EndGlobal
